// !$*UTF8*$!
{
	archiveVersion = 1;
	classes = {
	};
	objectVersion = 50;
	objects = {

/* Begin PBXBuildFile section */
		C9C880B626D36BC2006609CF /* AppDelegate.swift in Sources */ = {isa = PBXBuildFile; fileRef = C9C880B526D36BC2006609CF /* AppDelegate.swift */; };
		C9C880B826D36BC2006609CF /* SceneDelegate.swift in Sources */ = {isa = PBXBuildFile; fileRef = C9C880B726D36BC2006609CF /* SceneDelegate.swift */; };
		C9C880BA26D36BC2006609CF /* ViewController.swift in Sources */ = {isa = PBXBuildFile; fileRef = C9C880B926D36BC2006609CF /* ViewController.swift */; };
		C9C880BD26D36BC2006609CF /* Main.storyboard in Resources */ = {isa = PBXBuildFile; fileRef = C9C880BB26D36BC2006609CF /* Main.storyboard */; };
		C9C880C026D36BC2006609CF /* Task.xcdatamodeld in Sources */ = {isa = PBXBuildFile; fileRef = C9C880BE26D36BC2006609CF /* Task.xcdatamodeld */; };
		C9C880C226D36BC4006609CF /* Assets.xcassets in Resources */ = {isa = PBXBuildFile; fileRef = C9C880C126D36BC4006609CF /* Assets.xcassets */; };
		C9C880C526D36BC4006609CF /* LaunchScreen.storyboard in Resources */ = {isa = PBXBuildFile; fileRef = C9C880C326D36BC4006609CF /* LaunchScreen.storyboard */; };
		C9C880D026D36BC4006609CF /* TaskTests.swift in Sources */ = {isa = PBXBuildFile; fileRef = C9C880CF26D36BC4006609CF /* TaskTests.swift */; };
		C9C880DB26D36BC4006609CF /* TaskUITests.swift in Sources */ = {isa = PBXBuildFile; fileRef = C9C880DA26D36BC4006609CF /* TaskUITests.swift */; };
/* End PBXBuildFile section */

/* Begin PBXContainerItemProxy section */
		C9C880CC26D36BC4006609CF /* PBXContainerItemProxy */ = {
			isa = PBXContainerItemProxy;
			containerPortal = C9C880AA26D36BC2006609CF /* Project object */;
			proxyType = 1;
			remoteGlobalIDString = C9C880B126D36BC2006609CF;
			remoteInfo = Task;
		};
		C9C880D726D36BC4006609CF /* PBXContainerItemProxy */ = {
			isa = PBXContainerItemProxy;
			containerPortal = C9C880AA26D36BC2006609CF /* Project object */;
			proxyType = 1;
			remoteGlobalIDString = C9C880B126D36BC2006609CF;
			remoteInfo = Task;
		};
/* End PBXContainerItemProxy section */

/* Begin PBXFileReference section */
		C9C880B226D36BC2006609CF /* Task.app */ = {isa = PBXFileReference; explicitFileType = wrapper.application; includeInIndex = 0; path = Task.app; sourceTree = BUILT_PRODUCTS_DIR; };
		C9C880B526D36BC2006609CF /* AppDelegate.swift */ = {isa = PBXFileReference; lastKnownFileType = sourcecode.swift; path = AppDelegate.swift; sourceTree = "<group>"; };
		C9C880B726D36BC2006609CF /* SceneDelegate.swift */ = {isa = PBXFileReference; lastKnownFileType = sourcecode.swift; path = SceneDelegate.swift; sourceTree = "<group>"; };
		C9C880B926D36BC2006609CF /* ViewController.swift */ = {isa = PBXFileReference; lastKnownFileType = sourcecode.swift; path = ViewController.swift; sourceTree = "<group>"; };
		C9C880BC26D36BC2006609CF /* Base */ = {isa = PBXFileReference; lastKnownFileType = file.storyboard; name = Base; path = Base.lproj/Main.storyboard; sourceTree = "<group>"; };
		C9C880BF26D36BC2006609CF /* Task.xcdatamodel */ = {isa = PBXFileReference; lastKnownFileType = wrapper.xcdatamodel; path = Task.xcdatamodel; sourceTree = "<group>"; };
		C9C880C126D36BC4006609CF /* Assets.xcassets */ = {isa = PBXFileReference; lastKnownFileType = folder.assetcatalog; path = Assets.xcassets; sourceTree = "<group>"; };
		C9C880C426D36BC4006609CF /* Base */ = {isa = PBXFileReference; lastKnownFileType = file.storyboard; name = Base; path = Base.lproj/LaunchScreen.storyboard; sourceTree = "<group>"; };
		C9C880C626D36BC4006609CF /* Info.plist */ = {isa = PBXFileReference; lastKnownFileType = text.plist.xml; path = Info.plist; sourceTree = "<group>"; };
		C9C880CB26D36BC4006609CF /* TaskTests.xctest */ = {isa = PBXFileReference; explicitFileType = wrapper.cfbundle; includeInIndex = 0; path = TaskTests.xctest; sourceTree = BUILT_PRODUCTS_DIR; };
		C9C880CF26D36BC4006609CF /* TaskTests.swift */ = {isa = PBXFileReference; lastKnownFileType = sourcecode.swift; path = TaskTests.swift; sourceTree = "<group>"; };
		C9C880D126D36BC4006609CF /* Info.plist */ = {isa = PBXFileReference; lastKnownFileType = text.plist.xml; path = Info.plist; sourceTree = "<group>"; };
		C9C880D626D36BC4006609CF /* TaskUITests.xctest */ = {isa = PBXFileReference; explicitFileType = wrapper.cfbundle; includeInIndex = 0; path = TaskUITests.xctest; sourceTree = BUILT_PRODUCTS_DIR; };
		C9C880DA26D36BC4006609CF /* TaskUITests.swift */ = {isa = PBXFileReference; lastKnownFileType = sourcecode.swift; path = TaskUITests.swift; sourceTree = "<group>"; };
		C9C880DC26D36BC4006609CF /* Info.plist */ = {isa = PBXFileReference; lastKnownFileType = text.plist.xml; path = Info.plist; sourceTree = "<group>"; };
/* End PBXFileReference section */

/* Begin PBXFrameworksBuildPhase section */
		C9C880AF26D36BC2006609CF /* Frameworks */ = {
			isa = PBXFrameworksBuildPhase;
			buildActionMask = 2147483647;
			files = (
			);
			runOnlyForDeploymentPostprocessing = 0;
		};
		C9C880C826D36BC4006609CF /* Frameworks */ = {
			isa = PBXFrameworksBuildPhase;
			buildActionMask = 2147483647;
			files = (
			);
			runOnlyForDeploymentPostprocessing = 0;
		};
		C9C880D326D36BC4006609CF /* Frameworks */ = {
			isa = PBXFrameworksBuildPhase;
			buildActionMask = 2147483647;
			files = (
			);
			runOnlyForDeploymentPostprocessing = 0;
		};
/* End PBXFrameworksBuildPhase section */

/* Begin PBXGroup section */
		C9C880A926D36BC2006609CF = {
			isa = PBXGroup;
			children = (
				C9C880B426D36BC2006609CF /* Task */,
				C9C880CE26D36BC4006609CF /* TaskTests */,
				C9C880D926D36BC4006609CF /* TaskUITests */,
				C9C880B326D36BC2006609CF /* Products */,
			);
			sourceTree = "<group>";
		};
		C9C880B326D36BC2006609CF /* Products */ = {
			isa = PBXGroup;
			children = (
				C9C880B226D36BC2006609CF /* Task.app */,
				C9C880CB26D36BC4006609CF /* TaskTests.xctest */,
				C9C880D626D36BC4006609CF /* TaskUITests.xctest */,
			);
			name = Products;
			sourceTree = "<group>";
		};
		C9C880B426D36BC2006609CF /* Task */ = {
			isa = PBXGroup;
			children = (
				C9C880B526D36BC2006609CF /* AppDelegate.swift */,
				C9C880B726D36BC2006609CF /* SceneDelegate.swift */,
				C9C880B926D36BC2006609CF /* ViewController.swift */,
				C9C880BB26D36BC2006609CF /* Main.storyboard */,
				C9C880C126D36BC4006609CF /* Assets.xcassets */,
				C9C880C326D36BC4006609CF /* LaunchScreen.storyboard */,
				C9C880C626D36BC4006609CF /* Info.plist */,
				C9C880BE26D36BC2006609CF /* Task.xcdatamodeld */,
			);
			path = Task;
			sourceTree = "<group>";
		};
		C9C880CE26D36BC4006609CF /* TaskTests */ = {
			isa = PBXGroup;
			children = (
				C9C880CF26D36BC4006609CF /* TaskTests.swift */,
				C9C880D126D36BC4006609CF /* Info.plist */,
			);
			path = TaskTests;
			sourceTree = "<group>";
		};
		C9C880D926D36BC4006609CF /* TaskUITests */ = {
			isa = PBXGroup;
			children = (
				C9C880DA26D36BC4006609CF /* TaskUITests.swift */,
				C9C880DC26D36BC4006609CF /* Info.plist */,
			);
			path = TaskUITests;
			sourceTree = "<group>";
		};
/* End PBXGroup section */

/* Begin PBXNativeTarget section */
		C9C880B126D36BC2006609CF /* Task */ = {
			isa = PBXNativeTarget;
			buildConfigurationList = C9C880DF26D36BC4006609CF /* Build configuration list for PBXNativeTarget "Task" */;
			buildPhases = (
				C9C880AE26D36BC2006609CF /* Sources */,
				C9C880AF26D36BC2006609CF /* Frameworks */,
				C9C880B026D36BC2006609CF /* Resources */,
			);
			buildRules = (
			);
			dependencies = (
			);
			name = Task;
			productName = Task;
			productReference = C9C880B226D36BC2006609CF /* Task.app */;
			productType = "com.apple.product-type.application";
		};
		C9C880CA26D36BC4006609CF /* TaskTests */ = {
			isa = PBXNativeTarget;
			buildConfigurationList = C9C880E226D36BC4006609CF /* Build configuration list for PBXNativeTarget "TaskTests" */;
			buildPhases = (
				C9C880C726D36BC4006609CF /* Sources */,
				C9C880C826D36BC4006609CF /* Frameworks */,
				C9C880C926D36BC4006609CF /* Resources */,
			);
			buildRules = (
			);
			dependencies = (
				C9C880CD26D36BC4006609CF /* PBXTargetDependency */,
			);
			name = TaskTests;
			productName = TaskTests;
			productReference = C9C880CB26D36BC4006609CF /* TaskTests.xctest */;
			productType = "com.apple.product-type.bundle.unit-test";
		};
		C9C880D526D36BC4006609CF /* TaskUITests */ = {
			isa = PBXNativeTarget;
			buildConfigurationList = C9C880E526D36BC4006609CF /* Build configuration list for PBXNativeTarget "TaskUITests" */;
			buildPhases = (
				C9C880D226D36BC4006609CF /* Sources */,
				C9C880D326D36BC4006609CF /* Frameworks */,
				C9C880D426D36BC4006609CF /* Resources */,
			);
			buildRules = (
			);
			dependencies = (
				C9C880D826D36BC4006609CF /* PBXTargetDependency */,
			);
			name = TaskUITests;
			productName = TaskUITests;
			productReference = C9C880D626D36BC4006609CF /* TaskUITests.xctest */;
			productType = "com.apple.product-type.bundle.ui-testing";
		};
/* End PBXNativeTarget section */

/* Begin PBXProject section */
		C9C880AA26D36BC2006609CF /* Project object */ = {
			isa = PBXProject;
			attributes = {
				LastSwiftUpdateCheck = 1230;
				LastUpgradeCheck = 1230;
				TargetAttributes = {
					C9C880B126D36BC2006609CF = {
						CreatedOnToolsVersion = 12.3;
					};
					C9C880CA26D36BC4006609CF = {
						CreatedOnToolsVersion = 12.3;
						TestTargetID = C9C880B126D36BC2006609CF;
					};
					C9C880D526D36BC4006609CF = {
						CreatedOnToolsVersion = 12.3;
						TestTargetID = C9C880B126D36BC2006609CF;
					};
				};
			};
			buildConfigurationList = C9C880AD26D36BC2006609CF /* Build configuration list for PBXProject "Task" */;
			compatibilityVersion = "Xcode 9.3";
			developmentRegion = en;
			hasScannedForEncodings = 0;
			knownRegions = (
				en,
				Base,
			);
			mainGroup = C9C880A926D36BC2006609CF;
			productRefGroup = C9C880B326D36BC2006609CF /* Products */;
			projectDirPath = "";
			projectRoot = "";
			targets = (
				C9C880B126D36BC2006609CF /* Task */,
				C9C880CA26D36BC4006609CF /* TaskTests */,
				C9C880D526D36BC4006609CF /* TaskUITests */,
			);
		};
/* End PBXProject section */

/* Begin PBXResourcesBuildPhase section */
		C9C880B026D36BC2006609CF /* Resources */ = {
			isa = PBXResourcesBuildPhase;
			buildActionMask = 2147483647;
			files = (
				C9C880C526D36BC4006609CF /* LaunchScreen.storyboard in Resources */,
				C9C880C226D36BC4006609CF /* Assets.xcassets in Resources */,
				C9C880BD26D36BC2006609CF /* Main.storyboard in Resources */,
			);
			runOnlyForDeploymentPostprocessing = 0;
		};
		C9C880C926D36BC4006609CF /* Resources */ = {
			isa = PBXResourcesBuildPhase;
			buildActionMask = 2147483647;
			files = (
			);
			runOnlyForDeploymentPostprocessing = 0;
		};
		C9C880D426D36BC4006609CF /* Resources */ = {
			isa = PBXResourcesBuildPhase;
			buildActionMask = 2147483647;
			files = (
			);
			runOnlyForDeploymentPostprocessing = 0;
		};
/* End PBXResourcesBuildPhase section */

/* Begin PBXSourcesBuildPhase section */
		C9C880AE26D36BC2006609CF /* Sources */ = {
			isa = PBXSourcesBuildPhase;
			buildActionMask = 2147483647;
			files = (
				C9C880C026D36BC2006609CF /* Task.xcdatamodeld in Sources */,
				C9C880BA26D36BC2006609CF /* ViewController.swift in Sources */,
				C9C880B626D36BC2006609CF /* AppDelegate.swift in Sources */,
				C9C880B826D36BC2006609CF /* SceneDelegate.swift in Sources */,
			);
			runOnlyForDeploymentPostprocessing = 0;
		};
		C9C880C726D36BC4006609CF /* Sources */ = {
			isa = PBXSourcesBuildPhase;
			buildActionMask = 2147483647;
			files = (
				C9C880D026D36BC4006609CF /* TaskTests.swift in Sources */,
			);
			runOnlyForDeploymentPostprocessing = 0;
		};
		C9C880D226D36BC4006609CF /* Sources */ = {
			isa = PBXSourcesBuildPhase;
			buildActionMask = 2147483647;
			files = (
				C9C880DB26D36BC4006609CF /* TaskUITests.swift in Sources */,
			);
			runOnlyForDeploymentPostprocessing = 0;
		};
/* End PBXSourcesBuildPhase section */

/* Begin PBXTargetDependency section */
		C9C880CD26D36BC4006609CF /* PBXTargetDependency */ = {
			isa = PBXTargetDependency;
			target = C9C880B126D36BC2006609CF /* Task */;
			targetProxy = C9C880CC26D36BC4006609CF /* PBXContainerItemProxy */;
		};
		C9C880D826D36BC4006609CF /* PBXTargetDependency */ = {
			isa = PBXTargetDependency;
			target = C9C880B126D36BC2006609CF /* Task */;
			targetProxy = C9C880D726D36BC4006609CF /* PBXContainerItemProxy */;
		};
/* End PBXTargetDependency section */

/* Begin PBXVariantGroup section */
		C9C880BB26D36BC2006609CF /* Main.storyboard */ = {
			isa = PBXVariantGroup;
			children = (
				C9C880BC26D36BC2006609CF /* Base */,
			);
			name = Main.storyboard;
			sourceTree = "<group>";
		};
		C9C880C326D36BC4006609CF /* LaunchScreen.storyboard */ = {
			isa = PBXVariantGroup;
			children = (
				C9C880C426D36BC4006609CF /* Base */,
			);
			name = LaunchScreen.storyboard;
			sourceTree = "<group>";
		};
/* End PBXVariantGroup section */

/* Begin XCBuildConfiguration section */
		C9C880DD26D36BC4006609CF /* Debug */ = {
			isa = XCBuildConfiguration;
			buildSettings = {
				ALWAYS_SEARCH_USER_PATHS = NO;
				CLANG_ANALYZER_NONNULL = YES;
				CLANG_ANALYZER_NUMBER_OBJECT_CONVERSION = YES_AGGRESSIVE;
				CLANG_CXX_LANGUAGE_STANDARD = "gnu++14";
				CLANG_CXX_LIBRARY = "libc++";
				CLANG_ENABLE_MODULES = YES;
				CLANG_ENABLE_OBJC_ARC = YES;
				CLANG_ENABLE_OBJC_WEAK = YES;
				CLANG_WARN_BLOCK_CAPTURE_AUTORELEASING = YES;
				CLANG_WARN_BOOL_CONVERSION = YES;
				CLANG_WARN_COMMA = YES;
				CLANG_WARN_CONSTANT_CONVERSION = YES;
				CLANG_WARN_DEPRECATED_OBJC_IMPLEMENTATIONS = YES;
				CLANG_WARN_DIRECT_OBJC_ISA_USAGE = YES_ERROR;
				CLANG_WARN_DOCUMENTATION_COMMENTS = YES;
				CLANG_WARN_EMPTY_BODY = YES;
				CLANG_WARN_ENUM_CONVERSION = YES;
				CLANG_WARN_INFINITE_RECURSION = YES;
				CLANG_WARN_INT_CONVERSION = YES;
				CLANG_WARN_NON_LITERAL_NULL_CONVERSION = YES;
				CLANG_WARN_OBJC_IMPLICIT_RETAIN_SELF = YES;
				CLANG_WARN_OBJC_LITERAL_CONVERSION = YES;
				CLANG_WARN_OBJC_ROOT_CLASS = YES_ERROR;
				CLANG_WARN_QUOTED_INCLUDE_IN_FRAMEWORK_HEADER = YES;
				CLANG_WARN_RANGE_LOOP_ANALYSIS = YES;
				CLANG_WARN_STRICT_PROTOTYPES = YES;
				CLANG_WARN_SUSPICIOUS_MOVE = YES;
				CLANG_WARN_UNGUARDED_AVAILABILITY = YES_AGGRESSIVE;
				CLANG_WARN_UNREACHABLE_CODE = YES;
				CLANG_WARN__DUPLICATE_METHOD_MATCH = YES;
				COPY_PHASE_STRIP = NO;
				DEBUG_INFORMATION_FORMAT = dwarf;
				ENABLE_STRICT_OBJC_MSGSEND = YES;
				ENABLE_TESTABILITY = YES;
				GCC_C_LANGUAGE_STANDARD = gnu11;
				GCC_DYNAMIC_NO_PIC = NO;
				GCC_NO_COMMON_BLOCKS = YES;
				GCC_OPTIMIZATION_LEVEL = 0;
				GCC_PREPROCESSOR_DEFINITIONS = (
					"DEBUG=1",
					"$(inherited)",
				);
				GCC_WARN_64_TO_32_BIT_CONVERSION = YES;
				GCC_WARN_ABOUT_RETURN_TYPE = YES_ERROR;
				GCC_WARN_UNDECLARED_SELECTOR = YES;
				GCC_WARN_UNINITIALIZED_AUTOS = YES_AGGRESSIVE;
				GCC_WARN_UNUSED_FUNCTION = YES;
				GCC_WARN_UNUSED_VARIABLE = YES;
				IPHONEOS_DEPLOYMENT_TARGET = 14.3;
				MTL_ENABLE_DEBUG_INFO = INCLUDE_SOURCE;
				MTL_FAST_MATH = YES;
				ONLY_ACTIVE_ARCH = YES;
				SDKROOT = iphoneos;
				SWIFT_ACTIVE_COMPILATION_CONDITIONS = DEBUG;
				SWIFT_OPTIMIZATION_LEVEL = "-Onone";
			};
			name = Debug;
		};
		C9C880DE26D36BC4006609CF /* Release */ = {
			isa = XCBuildConfiguration;
			buildSettings = {
				ALWAYS_SEARCH_USER_PATHS = NO;
				CLANG_ANALYZER_NONNULL = YES;
				CLANG_ANALYZER_NUMBER_OBJECT_CONVERSION = YES_AGGRESSIVE;
				CLANG_CXX_LANGUAGE_STANDARD = "gnu++14";
				CLANG_CXX_LIBRARY = "libc++";
				CLANG_ENABLE_MODULES = YES;
				CLANG_ENABLE_OBJC_ARC = YES;
				CLANG_ENABLE_OBJC_WEAK = YES;
				CLANG_WARN_BLOCK_CAPTURE_AUTORELEASING = YES;
				CLANG_WARN_BOOL_CONVERSION = YES;
				CLANG_WARN_COMMA = YES;
				CLANG_WARN_CONSTANT_CONVERSION = YES;
				CLANG_WARN_DEPRECATED_OBJC_IMPLEMENTATIONS = YES;
				CLANG_WARN_DIRECT_OBJC_ISA_USAGE = YES_ERROR;
				CLANG_WARN_DOCUMENTATION_COMMENTS = YES;
				CLANG_WARN_EMPTY_BODY = YES;
				CLANG_WARN_ENUM_CONVERSION = YES;
				CLANG_WARN_INFINITE_RECURSION = YES;
				CLANG_WARN_INT_CONVERSION = YES;
				CLANG_WARN_NON_LITERAL_NULL_CONVERSION = YES;
				CLANG_WARN_OBJC_IMPLICIT_RETAIN_SELF = YES;
				CLANG_WARN_OBJC_LITERAL_CONVERSION = YES;
				CLANG_WARN_OBJC_ROOT_CLASS = YES_ERROR;
				CLANG_WARN_QUOTED_INCLUDE_IN_FRAMEWORK_HEADER = YES;
				CLANG_WARN_RANGE_LOOP_ANALYSIS = YES;
				CLANG_WARN_STRICT_PROTOTYPES = YES;
				CLANG_WARN_SUSPICIOUS_MOVE = YES;
				CLANG_WARN_UNGUARDED_AVAILABILITY = YES_AGGRESSIVE;
				CLANG_WARN_UNREACHABLE_CODE = YES;
				CLANG_WARN__DUPLICATE_METHOD_MATCH = YES;
				COPY_PHASE_STRIP = NO;
				DEBUG_INFORMATION_FORMAT = "dwarf-with-dsym";
				ENABLE_NS_ASSERTIONS = NO;
				ENABLE_STRICT_OBJC_MSGSEND = YES;
				GCC_C_LANGUAGE_STANDARD = gnu11;
				GCC_NO_COMMON_BLOCKS = YES;
				GCC_WARN_64_TO_32_BIT_CONVERSION = YES;
				GCC_WARN_ABOUT_RETURN_TYPE = YES_ERROR;
				GCC_WARN_UNDECLARED_SELECTOR = YES;
				GCC_WARN_UNINITIALIZED_AUTOS = YES_AGGRESSIVE;
				GCC_WARN_UNUSED_FUNCTION = YES;
				GCC_WARN_UNUSED_VARIABLE = YES;
				IPHONEOS_DEPLOYMENT_TARGET = 14.3;
				MTL_ENABLE_DEBUG_INFO = NO;
				MTL_FAST_MATH = YES;
				SDKROOT = iphoneos;
				SWIFT_COMPILATION_MODE = wholemodule;
				SWIFT_OPTIMIZATION_LEVEL = "-O";
				VALIDATE_PRODUCT = YES;
			};
			name = Release;
		};
		C9C880E026D36BC4006609CF /* Debug */ = {
			isa = XCBuildConfiguration;
			buildSettings = {
				ASSETCATALOG_COMPILER_APPICON_NAME = AppIcon;
				ASSETCATALOG_COMPILER_GLOBAL_ACCENT_COLOR_NAME = AccentColor;
				CODE_SIGN_STYLE = Automatic;
				INFOPLIST_FILE = Task/Info.plist;
				LD_RUNPATH_SEARCH_PATHS = (
					"$(inherited)",
					"@executable_path/Frameworks",
				);
				PRODUCT_BUNDLE_IDENTIFIER = com.task.Task;
				PRODUCT_NAME = "$(TARGET_NAME)";
				SWIFT_VERSION = 5.0;
				TARGETED_DEVICE_FAMILY = "1,2";
			};
			name = Debug;
		};
		C9C880E126D36BC4006609CF /* Release */ = {
			isa = XCBuildConfiguration;
			buildSettings = {
				ASSETCATALOG_COMPILER_APPICON_NAME = AppIcon;
				ASSETCATALOG_COMPILER_GLOBAL_ACCENT_COLOR_NAME = AccentColor;
				CODE_SIGN_STYLE = Automatic;
				INFOPLIST_FILE = Task/Info.plist;
				LD_RUNPATH_SEARCH_PATHS = (
					"$(inherited)",
					"@executable_path/Frameworks",
				);
				PRODUCT_BUNDLE_IDENTIFIER = com.task.Task;
				PRODUCT_NAME = "$(TARGET_NAME)";
				SWIFT_VERSION = 5.0;
				TARGETED_DEVICE_FAMILY = "1,2";
			};
			name = Release;
		};
		C9C880E326D36BC4006609CF /* Debug */ = {
			isa = XCBuildConfiguration;
			buildSettings = {
				ALWAYS_EMBED_SWIFT_STANDARD_LIBRARIES = YES;
				BUNDLE_LOADER = "$(TEST_HOST)";
				CODE_SIGN_STYLE = Automatic;
				INFOPLIST_FILE = TaskTests/Info.plist;
				IPHONEOS_DEPLOYMENT_TARGET = 14.3;
				LD_RUNPATH_SEARCH_PATHS = (
					"$(inherited)",
					"@executable_path/Frameworks",
					"@loader_path/Frameworks",
				);
				PRODUCT_BUNDLE_IDENTIFIER = com.task.TaskTests;
				PRODUCT_NAME = "$(TARGET_NAME)";
				SWIFT_VERSION = 5.0;
				TARGETED_DEVICE_FAMILY = "1,2";
				TEST_HOST = "$(BUILT_PRODUCTS_DIR)/Task.app/Task";
			};
			name = Debug;
		};
		C9C880E426D36BC4006609CF /* Release */ = {
			isa = XCBuildConfiguration;
			buildSettings = {
				ALWAYS_EMBED_SWIFT_STANDARD_LIBRARIES = YES;
				BUNDLE_LOADER = "$(TEST_HOST)";
				CODE_SIGN_STYLE = Automatic;
				INFOPLIST_FILE = TaskTests/Info.plist;
				IPHONEOS_DEPLOYMENT_TARGET = 14.3;
				LD_RUNPATH_SEARCH_PATHS = (
					"$(inherited)",
					"@executable_path/Frameworks",
					"@loader_path/Frameworks",
				);
				PRODUCT_BUNDLE_IDENTIFIER = com.task.TaskTests;
				PRODUCT_NAME = "$(TARGET_NAME)";
				SWIFT_VERSION = 5.0;
				TARGETED_DEVICE_FAMILY = "1,2";
				TEST_HOST = "$(BUILT_PRODUCTS_DIR)/Task.app/Task";
			};
			name = Release;
		};
		C9C880E626D36BC4006609CF /* Debug */ = {
			isa = XCBuildConfiguration;
			buildSettings = {
				ALWAYS_EMBED_SWIFT_STANDARD_LIBRARIES = YES;
				CODE_SIGN_STYLE = Automatic;
				INFOPLIST_FILE = TaskUITests/Info.plist;
				LD_RUNPATH_SEARCH_PATHS = (
					"$(inherited)",
					"@executable_path/Frameworks",
					"@loader_path/Frameworks",
				);
				PRODUCT_BUNDLE_IDENTIFIER = com.task.TaskUITests;
				PRODUCT_NAME = "$(TARGET_NAME)";
				SWIFT_VERSION = 5.0;
				TARGETED_DEVICE_FAMILY = "1,2";
				TEST_TARGET_NAME = Task;
			};
			name = Debug;
		};
		C9C880E726D36BC4006609CF /* Release */ = {
			isa = XCBuildConfiguration;
			buildSettings = {
				ALWAYS_EMBED_SWIFT_STANDARD_LIBRARIES = YES;
				CODE_SIGN_STYLE = Automatic;
				INFOPLIST_FILE = TaskUITests/Info.plist;
				LD_RUNPATH_SEARCH_PATHS = (
					"$(inherited)",
					"@executable_path/Frameworks",
					"@loader_path/Frameworks",
				);
				PRODUCT_BUNDLE_IDENTIFIER = com.task.TaskUITests;
				PRODUCT_NAME = "$(TARGET_NAME)";
				SWIFT_VERSION = 5.0;
				TARGETED_DEVICE_FAMILY = "1,2";
				TEST_TARGET_NAME = Task;
			};
			name = Release;
		};
/* End XCBuildConfiguration section */

/* Begin XCConfigurationList section */
		C9C880AD26D36BC2006609CF /* Build configuration list for PBXProject "Task" */ = {
			isa = XCConfigurationList;
			buildConfigurations = (
				C9C880DD26D36BC4006609CF /* Debug */,
				C9C880DE26D36BC4006609CF /* Release */,
			);
			defaultConfigurationIsVisible = 0;
			defaultConfigurationName = Release;
		};
		C9C880DF26D36BC4006609CF /* Build configuration list for PBXNativeTarget "Task" */ = {
			isa = XCConfigurationList;
			buildConfigurations = (
				C9C880E026D36BC4006609CF /* Debug */,
				C9C880E126D36BC4006609CF /* Release */,
			);
			defaultConfigurationIsVisible = 0;
			defaultConfigurationName = Release;
		};
		C9C880E226D36BC4006609CF /* Build configuration list for PBXNativeTarget "TaskTests" */ = {
			isa = XCConfigurationList;
			buildConfigurations = (
				C9C880E326D36BC4006609CF /* Debug */,
				C9C880E426D36BC4006609CF /* Release */,
			);
			defaultConfigurationIsVisible = 0;
			defaultConfigurationName = Release;
		};
		C9C880E526D36BC4006609CF /* Build configuration list for PBXNativeTarget "TaskUITests" */ = {
			isa = XCConfigurationList;
			buildConfigurations = (
				C9C880E626D36BC4006609CF /* Debug */,
				C9C880E726D36BC4006609CF /* Release */,
			);
			defaultConfigurationIsVisible = 0;
			defaultConfigurationName = Release;
		};
/* End XCConfigurationList section */

/* Begin XCVersionGroup section */
		C9C880BE26D36BC2006609CF /* Task.xcdatamodeld */ = {
			isa = XCVersionGroup;
			children = (
				C9C880BF26D36BC2006609CF /* Task.xcdatamodel */,
			);
			currentVersion = C9C880BF26D36BC2006609CF /* Task.xcdatamodel */;
			path = Task.xcdatamodeld;
			sourceTree = "<group>";
			versionGroupType = wrapper.xcdatamodel;
		};
/* End XCVersionGroup section */
	};
	rootObject = C9C880AA26D36BC2006609CF /* Project object */;
}
